lockfileVersion: '9.0'

settings:
  autoInstallPeers: true
  excludeLinksFromLockfile: false

importers:

  .:
    dependencies:
      node-addon-api:
        specifier: ^8.7.0
        version: 8.7.0

packages:

  node-addon-api@8.7.0:
    resolution: {integrity: sha512-9MdFxmkKaOYVTV+XVRG8ArDwwQ77XIgIPyKASB1k3JPq3M8fGQQQE3YpMOrKm6g//Ktx8ivZr8xo1Qmtqub+GA==}
    engines: {node: ^18 || ^20 || >= 21}

snapshots:

  node-addon-api@8.7.0: {}
